// !$*UTF8*$!
{
	archiveVersion = 1;
	classes = {
	};
	objectVersion = 77;
	objects = {

/* Begin PBXContainerItemProxy section */
		993302322CE1552F001D972F /* PBXContainerItemProxy */ = {
			isa = PBXContainerItemProxy;
			containerPortal = 993302132CE1552E001D972F /* Project object */;
			proxyType = 1;
			remoteGlobalIDString = 9933021A2CE1552E001D972F;
			remoteInfo = VidaPlenaQuiz;
		};
		9933023C2CE1552F001D972F /* PBXContainerItemProxy */ = {
			isa = PBXContainerItemProxy;
			containerPortal = 993302132CE1552E001D972F /* Project object */;
			proxyType = 1;
			remoteGlobalIDString = 9933021A2CE1552E001D972F;
			remoteInfo = VidaPlenaQuiz;
		};
/* End PBXContainerItemProxy section */

/* Begin PBXFileReference section */
		9933021B2CE1552E001D972F /* VidaPlenaQuiz.app */ = {isa = PBXFileReference; explicitFileType = wrapper.application; includeInIndex = 0; path = VidaPlenaQuiz.app; sourceTree = BUILT_PRODUCTS_DIR; };
		993302312CE1552F001D972F /* VidaPlenaQuizTests.xctest */ = {isa = PBXFileReference; explicitFileType = wrapper.cfbundle; includeInIndex = 0; path = VidaPlenaQuizTests.xctest; sourceTree = BUILT_PRODUCTS_DIR; };
		9933023B2CE1552F001D972F /* VidaPlenaQuizUITests.xctest */ = {isa = PBXFileReference; explicitFileType = wrapper.cfbundle; includeInIndex = 0; path = VidaPlenaQuizUITests.xctest; sourceTree = BUILT_PRODUCTS_DIR; };
/* End PBXFileReference section */

/* Begin PBXFileSystemSynchronizedBuildFileExceptionSet section */
		993302432CE1552F001D972F /* Exceptions for "VidaPlenaQuiz" folder in "VidaPlenaQuiz" target */ = {
			isa = PBXFileSystemSynchronizedBuildFileExceptionSet;
			membershipExceptions = (
				Info.plist,
			);
			target = 9933021A2CE1552E001D972F /* VidaPlenaQuiz */;
		};
/* End PBXFileSystemSynchronizedBuildFileExceptionSet section */

/* Begin PBXFileSystemSynchronizedRootGroup section */
		9933021D2CE1552E001D972F /* VidaPlenaQuiz */ = {
			isa = PBXFileSystemSynchronizedRootGroup;
			exceptions = (
				993302432CE1552F001D972F /* Exceptions for "VidaPlenaQuiz" folder in "VidaPlenaQuiz" target */,
			);
			path = VidaPlenaQuiz;
			sourceTree = "<group>";
		};
		993302342CE1552F001D972F /* VidaPlenaQuizTests */ = {
			isa = PBXFileSystemSynchronizedRootGroup;
			path = VidaPlenaQuizTests;
			sourceTree = "<group>";
		};
		9933023E2CE1552F001D972F /* VidaPlenaQuizUITests */ = {
			isa = PBXFileSystemSynchronizedRootGroup;
			path = VidaPlenaQuizUITests;
			sourceTree = "<group>";
		};
/* End PBXFileSystemSynchronizedRootGroup section */

/* Begin PBXFrameworksBuildPhase section */
		993302182CE1552E001D972F /* Frameworks */ = {
			isa = PBXFrameworksBuildPhase;
			buildActionMask = 2147483647;
			files = (
			);
			runOnlyForDeploymentPostprocessing = 0;
		};
		9933022E2CE1552F001D972F /* Frameworks */ = {
			isa = PBXFrameworksBuildPhase;
			buildActionMask = 2147483647;
			files = (
			);
			runOnlyForDeploymentPostprocessing = 0;
		};
		993302382CE1552F001D972F /* Frameworks */ = {
			isa = PBXFrameworksBuildPhase;
			buildActionMask = 2147483647;
			files = (
			);
			runOnlyForDeploymentPostprocessing = 0;
		};
/* End PBXFrameworksBuildPhase section */

/* Begin PBXGroup section */
		993302122CE1552E001D972F = {
			isa = PBXGroup;
			children = (
				9933021D2CE1552E001D972F /* VidaPlenaQuiz */,
				993302342CE1552F001D972F /* VidaPlenaQuizTests */,
				9933023E2CE1552F001D972F /* VidaPlenaQuizUITests */,
				9933021C2CE1552E001D972F /* Products */,
			);
			sourceTree = "<group>";
		};
		9933021C2CE1552E001D972F /* Products */ = {
			isa = PBXGroup;
			children = (
				9933021B2CE1552E001D972F /* VidaPlenaQuiz.app */,
				993302312CE1552F001D972F /* VidaPlenaQuizTests.xctest */,
				9933023B2CE1552F001D972F /* VidaPlenaQuizUITests.xctest */,
			);
			name = Products;
			sourceTree = "<group>";
		};
/* End PBXGroup section */

/* Begin PBXNativeTarget section */
		9933021A2CE1552E001D972F /* VidaPlenaQuiz */ = {
			isa = PBXNativeTarget;
			buildConfigurationList = 993302442CE1552F001D972F /* Build configuration list for PBXNativeTarget "VidaPlenaQuiz" */;
			buildPhases = (
				993302172CE1552E001D972F /* Sources */,
				993302182CE1552E001D972F /* Frameworks */,
				993302192CE1552E001D972F /* Resources */,
			);
			buildRules = (
			);
			dependencies = (
			);
			fileSystemSynchronizedGroups = (
				9933021D2CE1552E001D972F /* VidaPlenaQuiz */,
			);
			name = VidaPlenaQuiz;
			packageProductDependencies = (
			);
			productName = VidaPlenaQuiz;
			productReference = 9933021B2CE1552E001D972F /* VidaPlenaQuiz.app */;
			productType = "com.apple.product-type.application";
		};
		993302302CE1552F001D972F /* VidaPlenaQuizTests */ = {
			isa = PBXNativeTarget;
			buildConfigurationList = 993302492CE1552F001D972F /* Build configuration list for PBXNativeTarget "VidaPlenaQuizTests" */;
			buildPhases = (
				9933022D2CE1552F001D972F /* Sources */,
				9933022E2CE1552F001D972F /* Frameworks */,
				9933022F2CE1552F001D972F /* Resources */,
			);
			buildRules = (
			);
			dependencies = (
				993302332CE1552F001D972F /* PBXTargetDependency */,
			);
			fileSystemSynchronizedGroups = (
				993302342CE1552F001D972F /* VidaPlenaQuizTests */,
			);
			name = VidaPlenaQuizTests;
			packageProductDependencies = (
			);
			productName = VidaPlenaQuizTests;
			productReference = 993302312CE1552F001D972F /* VidaPlenaQuizTests.xctest */;
			productType = "com.apple.product-type.bundle.unit-test";
		};
		9933023A2CE1552F001D972F /* VidaPlenaQuizUITests */ = {
			isa = PBXNativeTarget;
			buildConfigurationList = 9933024C2CE1552F001D972F /* Build configuration list for PBXNativeTarget "VidaPlenaQuizUITests" */;
			buildPhases = (
				993302372CE1552F001D972F /* Sources */,
				993302382CE1552F001D972F /* Frameworks */,
				993302392CE1552F001D972F /* Resources */,
			);
			buildRules = (
			);
			dependencies = (
				9933023D2CE1552F001D972F /* PBXTargetDependency */,
			);
			fileSystemSynchronizedGroups = (
				9933023E2CE1552F001D972F /* VidaPlenaQuizUITests */,
			);
			name = VidaPlenaQuizUITests;
			packageProductDependencies = (
			);
			productName = VidaPlenaQuizUITests;
			productReference = 9933023B2CE1552F001D972F /* VidaPlenaQuizUITests.xctest */;
			productType = "com.apple.product-type.bundle.ui-testing";
		};
/* End PBXNativeTarget section */

/* Begin PBXProject section */
		993302132CE1552E001D972F /* Project object */ = {
			isa = PBXProject;
			attributes = {
				BuildIndependentTargetsInParallel = 1;
				LastSwiftUpdateCheck = 1610;
				LastUpgradeCheck = 1610;
				TargetAttributes = {
					9933021A2CE1552E001D972F = {
						CreatedOnToolsVersion = 16.1;
					};
					993302302CE1552F001D972F = {
						CreatedOnToolsVersion = 16.1;
						TestTargetID = 9933021A2CE1552E001D972F;
					};
					9933023A2CE1552F001D972F = {
						CreatedOnToolsVersion = 16.1;
						TestTargetID = 9933021A2CE1552E001D972F;
					};
				};
			};
			buildConfigurationList = 993302162CE1552E001D972F /* Build configuration list for PBXProject "VidaPlenaQuiz" */;
			developmentRegion = en;
			hasScannedForEncodings = 0;
			knownRegions = (
				en,
				Base,
			);
			mainGroup = 993302122CE1552E001D972F;
			minimizedProjectReferenceProxies = 1;
			preferredProjectObjectVersion = 77;
			productRefGroup = 9933021C2CE1552E001D972F /* Products */;
			projectDirPath = "";
			projectRoot = "";
			targets = (
				9933021A2CE1552E001D972F /* VidaPlenaQuiz */,
				993302302CE1552F001D972F /* VidaPlenaQuizTests */,
				9933023A2CE1552F001D972F /* VidaPlenaQuizUITests */,
			);
		};
/* End PBXProject section */

/* Begin PBXResourcesBuildPhase section */
		993302192CE1552E001D972F /* Resources */ = {
			isa = PBXResourcesBuildPhase;
			buildActionMask = 2147483647;
			files = (
			);
			runOnlyForDeploymentPostprocessing = 0;
		};
		9933022F2CE1552F001D972F /* Resources */ = {
			isa = PBXResourcesBuildPhase;
			buildActionMask = 2147483647;
			files = (
			);
			runOnlyForDeploymentPostprocessing = 0;
		};
		993302392CE1552F001D972F /* Resources */ = {
			isa = PBXResourcesBuildPhase;
			buildActionMask = 2147483647;
			files = (
			);
			runOnlyForDeploymentPostprocessing = 0;
		};
/* End PBXResourcesBuildPhase section */

/* Begin PBXSourcesBuildPhase section */
		993302172CE1552E001D972F /* Sources */ = {
			isa = PBXSourcesBuildPhase;
			buildActionMask = 2147483647;
			files = (
			);
			runOnlyForDeploymentPostprocessing = 0;
		};
		9933022D2CE1552F001D972F /* Sources */ = {
			isa = PBXSourcesBuildPhase;
			buildActionMask = 2147483647;
			files = (
			);
			runOnlyForDeploymentPostprocessing = 0;
		};
		993302372CE1552F001D972F /* Sources */ = {
			isa = PBXSourcesBuildPhase;
			buildActionMask = 2147483647;
			files = (
			);
			runOnlyForDeploymentPostprocessing = 0;
		};
/* End PBXSourcesBuildPhase section */

/* Begin PBXTargetDependency section */
		993302332CE1552F001D972F /* PBXTargetDependency */ = {
			isa = PBXTargetDependency;
			target = 9933021A2CE1552E001D972F /* VidaPlenaQuiz */;
			targetProxy = 993302322CE1552F001D972F /* PBXContainerItemProxy */;
		};
		9933023D2CE1552F001D972F /* PBXTargetDependency */ = {
			isa = PBXTargetDependency;
			target = 9933021A2CE1552E001D972F /* VidaPlenaQuiz */;
			targetProxy = 9933023C2CE1552F001D972F /* PBXContainerItemProxy */;
		};
/* End PBXTargetDependency section */

/* Begin XCBuildConfiguration section */
		993302452CE1552F001D972F /* Debug */ = {
			isa = XCBuildConfiguration;
			buildSettings = {
				ASSETCATALOG_COMPILER_APPICON_NAME = AppIcon;
				ASSETCATALOG_COMPILER_GLOBAL_ACCENT_COLOR_NAME = AccentColor;
				CODE_SIGN_STYLE = Automatic;
				CURRENT_PROJECT_VERSION = 1;
				GENERATE_INFOPLIST_FILE = YES;
				INFOPLIST_FILE = VidaPlenaQuiz/Info.plist;
				INFOPLIST_KEY_UIApplicationSupportsIndirectInputEvents = YES;
				INFOPLIST_KEY_UILaunchStoryboardName = LaunchScreen;
				INFOPLIST_KEY_UIMainStoryboardFile = Main;
				INFOPLIST_KEY_UISupportedInterfaceOrientations_iPad = "UIInterfaceOrientationPortrait UIInterfaceOrientationPortraitUpsideDown UIInterfaceOrientationLandscapeLeft UIInterfaceOrientationLandscapeRight";
				INFOPLIST_KEY_UISupportedInterfaceOrientations_iPhone = "UIInterfaceOrientationPortrait UIInterfaceOrientationLandscapeLeft UIInterfaceOrientationLandscapeRight";
				LD_RUNPATH_SEARCH_PATHS = (
					"$(inherited)",
					"@executable_path/Frameworks",
				);
				MARKETING_VERSION = 1.0;
				PRODUCT_BUNDLE_IDENTIFIER = com.gabriel.VidaPlenaQuiz;
				PRODUCT_NAME = "$(TARGET_NAME)";
				SWIFT_EMIT_LOC_STRINGS = YES;
				SWIFT_VERSION = 5.0;
				TARGETED_DEVICE_FAMILY = "1,2";
			};
			name = Debug;
		};
		993302462CE1552F001D972F /* Release */ = {
			isa = XCBuildConfiguration;
			buildSettings = {
				ASSETCATALOG_COMPILER_APPICON_NAME = AppIcon;
				ASSETCATALOG_COMPILER_GLOBAL_ACCENT_COLOR_NAME = AccentColor;
				CODE_SIGN_STYLE = Automatic;
				CURRENT_PROJECT_VERSION = 1;
				GENERATE_INFOPLIST_FILE = YES;
				INFOPLIST_FILE = VidaPlenaQuiz/Info.plist;
				INFOPLIST_KEY_UIApplicationSupportsIndirectInputEvents = YES;
				INFOPLIST_KEY_UILaunchStoryboardName = LaunchScreen;
				INFOPLIST_KEY_UIMainStoryboardFile = Main;
				INFOPLIST_KEY_UISupportedInterfaceOrientations_iPad = "UIInterfaceOrientationPortrait UIInterfaceOrientationPortraitUpsideDown UIInterfaceOrientationLandscapeLeft UIInterfaceOrientationLandscapeRight";
				INFOPLIST_KEY_UISupportedInterfaceOrientations_iPhone = "UIInterfaceOrientationPortrait UIInterfaceOrientationLandscapeLeft UIInterfaceOrientationLandscapeRight";
				LD_RUNPATH_SEARCH_PATHS = (
					"$(inherited)",
					"@executable_path/Frameworks",
				);
				MARKETING_VERSION = 1.0;
				PRODUCT_BUNDLE_IDENTIFIER = com.gabriel.VidaPlenaQuiz;
				PRODUCT_NAME = "$(TARGET_NAME)";
				SWIFT_EMIT_LOC_STRINGS = YES;
				SWIFT_VERSION = 5.0;
				TARGETED_DEVICE_FAMILY = "1,2";
			};
			name = Release;
		};
		993302472CE1552F001D972F /* Debug */ = {
			isa = XCBuildConfiguration;
			buildSettings = {
				ALWAYS_SEARCH_USER_PATHS = NO;
				ASSETCATALOG_COMPILER_GENERATE_SWIFT_ASSET_SYMBOL_EXTENSIONS = YES;
				CLANG_ANALYZER_NONNULL = YES;
				CLANG_ANALYZER_NUMBER_OBJECT_CONVERSION = YES_AGGRESSIVE;
				CLANG_CXX_LANGUAGE_STANDARD = "gnu++20";
				CLANG_ENABLE_MODULES = YES;
				CLANG_ENABLE_OBJC_ARC = YES;
				CLANG_ENABLE_OBJC_WEAK = YES;
				CLANG_WARN_BLOCK_CAPTURE_AUTORELEASING = YES;
				CLANG_WARN_BOOL_CONVERSION = YES;
				CLANG_WARN_COMMA = YES;
				CLANG_WARN_CONSTANT_CONVERSION = YES;
				CLANG_WARN_DEPRECATED_OBJC_IMPLEMENTATIONS = YES;
				CLANG_WARN_DIRECT_OBJC_ISA_USAGE = YES_ERROR;
				CLANG_WARN_DOCUMENTATION_COMMENTS = YES;
				CLANG_WARN_EMPTY_BODY = YES;
				CLANG_WARN_ENUM_CONVERSION = YES;
				CLANG_WARN_INFINITE_RECURSION = YES;
				CLANG_WARN_INT_CONVERSION = YES;
				CLANG_WARN_NON_LITERAL_NULL_CONVERSION = YES;
				CLANG_WARN_OBJC_IMPLICIT_RETAIN_SELF = YES;
				CLANG_WARN_OBJC_LITERAL_CONVERSION = YES;
				CLANG_WARN_OBJC_ROOT_CLASS = YES_ERROR;
				CLANG_WARN_QUOTED_INCLUDE_IN_FRAMEWORK_HEADER = YES;
				CLANG_WARN_RANGE_LOOP_ANALYSIS = YES;
				CLANG_WARN_STRICT_PROTOTYPES = YES;
				CLANG_WARN_SUSPICIOUS_MOVE = YES;
				CLANG_WARN_UNGUARDED_AVAILABILITY = YES_AGGRESSIVE;
				CLANG_WARN_UNREACHABLE_CODE = YES;
				CLANG_WARN__DUPLICATE_METHOD_MATCH = YES;
				COPY_PHASE_STRIP = NO;
				DEBUG_INFORMATION_FORMAT = dwarf;
				ENABLE_STRICT_OBJC_MSGSEND = YES;
				ENABLE_TESTABILITY = YES;
				ENABLE_USER_SCRIPT_SANDBOXING = YES;
				GCC_C_LANGUAGE_STANDARD = gnu17;
				GCC_DYNAMIC_NO_PIC = NO;
				GCC_NO_COMMON_BLOCKS = YES;
				GCC_OPTIMIZATION_LEVEL = 0;
				GCC_PREPROCESSOR_DEFINITIONS = (
					"DEBUG=1",
					"$(inherited)",
				);
				GCC_WARN_64_TO_32_BIT_CONVERSION = YES;
				GCC_WARN_ABOUT_RETURN_TYPE = YES_ERROR;
				GCC_WARN_UNDECLARED_SELECTOR = YES;
				GCC_WARN_UNINITIALIZED_AUTOS = YES_AGGRESSIVE;
				GCC_WARN_UNUSED_FUNCTION = YES;
				GCC_WARN_UNUSED_VARIABLE = YES;
				IPHONEOS_DEPLOYMENT_TARGET = 18.1;
				LOCALIZATION_PREFERS_STRING_CATALOGS = YES;
				MTL_ENABLE_DEBUG_INFO = INCLUDE_SOURCE;
				MTL_FAST_MATH = YES;
				ONLY_ACTIVE_ARCH = YES;
				SDKROOT = iphoneos;
				SWIFT_ACTIVE_COMPILATION_CONDITIONS = "DEBUG $(inherited)";
				SWIFT_OPTIMIZATION_LEVEL = "-Onone";
			};
			name = Debug;
		};
		993302482CE1552F001D972F /* Release */ = {
			isa = XCBuildConfiguration;
			buildSettings = {
				ALWAYS_SEARCH_USER_PATHS = NO;
				ASSETCATALOG_COMPILER_GENERATE_SWIFT_ASSET_SYMBOL_EXTENSIONS = YES;
				CLANG_ANALYZER_NONNULL = YES;
				CLANG_ANALYZER_NUMBER_OBJECT_CONVERSION = YES_AGGRESSIVE;
				CLANG_CXX_LANGUAGE_STANDARD = "gnu++20";
				CLANG_ENABLE_MODULES = YES;
				CLANG_ENABLE_OBJC_ARC = YES;
				CLANG_ENABLE_OBJC_WEAK = YES;
				CLANG_WARN_BLOCK_CAPTURE_AUTORELEASING = YES;
				CLANG_WARN_BOOL_CONVERSION = YES;
				CLANG_WARN_COMMA = YES;
				CLANG_WARN_CONSTANT_CONVERSION = YES;
				CLANG_WARN_DEPRECATED_OBJC_IMPLEMENTATIONS = YES;
				CLANG_WARN_DIRECT_OBJC_ISA_USAGE = YES_ERROR;
				CLANG_WARN_DOCUMENTATION_COMMENTS = YES;
				CLANG_WARN_EMPTY_BODY = YES;
				CLANG_WARN_ENUM_CONVERSION = YES;
				CLANG_WARN_INFINITE_RECURSION = YES;
				CLANG_WARN_INT_CONVERSION = YES;
				CLANG_WARN_NON_LITERAL_NULL_CONVERSION = YES;
				CLANG_WARN_OBJC_IMPLICIT_RETAIN_SELF = YES;
				CLANG_WARN_OBJC_LITERAL_CONVERSION = YES;
				CLANG_WARN_OBJC_ROOT_CLASS = YES_ERROR;
				CLANG_WARN_QUOTED_INCLUDE_IN_FRAMEWORK_HEADER = YES;
				CLANG_WARN_RANGE_LOOP_ANALYSIS = YES;
				CLANG_WARN_STRICT_PROTOTYPES = YES;
				CLANG_WARN_SUSPICIOUS_MOVE = YES;
				CLANG_WARN_UNGUARDED_AVAILABILITY = YES_AGGRESSIVE;
				CLANG_WARN_UNREACHABLE_CODE = YES;
				CLANG_WARN__DUPLICATE_METHOD_MATCH = YES;
				COPY_PHASE_STRIP = NO;
				DEBUG_INFORMATION_FORMAT = "dwarf-with-dsym";
				ENABLE_NS_ASSERTIONS = NO;
				ENABLE_STRICT_OBJC_MSGSEND = YES;
				ENABLE_USER_SCRIPT_SANDBOXING = YES;
				GCC_C_LANGUAGE_STANDARD = gnu17;
				GCC_NO_COMMON_BLOCKS = YES;
				GCC_WARN_64_TO_32_BIT_CONVERSION = YES;
				GCC_WARN_ABOUT_RETURN_TYPE = YES_ERROR;
				GCC_WARN_UNDECLARED_SELECTOR = YES;
				GCC_WARN_UNINITIALIZED_AUTOS = YES_AGGRESSIVE;
				GCC_WARN_UNUSED_FUNCTION = YES;
				GCC_WARN_UNUSED_VARIABLE = YES;
				IPHONEOS_DEPLOYMENT_TARGET = 18.1;
				LOCALIZATION_PREFERS_STRING_CATALOGS = YES;
				MTL_ENABLE_DEBUG_INFO = NO;
				MTL_FAST_MATH = YES;
				SDKROOT = iphoneos;
				SWIFT_COMPILATION_MODE = wholemodule;
				VALIDATE_PRODUCT = YES;
			};
			name = Release;
		};
		9933024A2CE1552F001D972F /* Debug */ = {
			isa = XCBuildConfiguration;
			buildSettings = {
				BUNDLE_LOADER = "$(TEST_HOST)";
				CODE_SIGN_STYLE = Automatic;
				CURRENT_PROJECT_VERSION = 1;
				GENERATE_INFOPLIST_FILE = YES;
				IPHONEOS_DEPLOYMENT_TARGET = 18.1;
				MARKETING_VERSION = 1.0;
				PRODUCT_BUNDLE_IDENTIFIER = com.gabriel.VidaPlenaQuizTests;
				PRODUCT_NAME = "$(TARGET_NAME)";
				SWIFT_EMIT_LOC_STRINGS = NO;
				SWIFT_VERSION = 5.0;
				TARGETED_DEVICE_FAMILY = "1,2";
				TEST_HOST = "$(BUILT_PRODUCTS_DIR)/VidaPlenaQuiz.app/$(BUNDLE_EXECUTABLE_FOLDER_PATH)/VidaPlenaQuiz";
			};
			name = Debug;
		};
		9933024B2CE1552F001D972F /* Release */ = {
			isa = XCBuildConfiguration;
			buildSettings = {
				BUNDLE_LOADER = "$(TEST_HOST)";
				CODE_SIGN_STYLE = Automatic;
				CURRENT_PROJECT_VERSION = 1;
				GENERATE_INFOPLIST_FILE = YES;
				IPHONEOS_DEPLOYMENT_TARGET = 18.1;
				MARKETING_VERSION = 1.0;
				PRODUCT_BUNDLE_IDENTIFIER = com.gabriel.VidaPlenaQuizTests;
				PRODUCT_NAME = "$(TARGET_NAME)";
				SWIFT_EMIT_LOC_STRINGS = NO;
				SWIFT_VERSION = 5.0;
				TARGETED_DEVICE_FAMILY = "1,2";
				TEST_HOST = "$(BUILT_PRODUCTS_DIR)/VidaPlenaQuiz.app/$(BUNDLE_EXECUTABLE_FOLDER_PATH)/VidaPlenaQuiz";
			};
			name = Release;
		};
		9933024D2CE1552F001D972F /* Debug */ = {
			isa = XCBuildConfiguration;
			buildSettings = {
				CODE_SIGN_STYLE = Automatic;
				CURRENT_PROJECT_VERSION = 1;
				GENERATE_INFOPLIST_FILE = YES;
				MARKETING_VERSION = 1.0;
				PRODUCT_BUNDLE_IDENTIFIER = com.gabriel.VidaPlenaQuizUITests;
				PRODUCT_NAME = "$(TARGET_NAME)";
				SWIFT_EMIT_LOC_STRINGS = NO;
				SWIFT_VERSION = 5.0;
				TARGETED_DEVICE_FAMILY = "1,2";
				TEST_TARGET_NAME = VidaPlenaQuiz;
			};
			name = Debug;
		};
		9933024E2CE1552F001D972F /* Release */ = {
			isa = XCBuildConfiguration;
			buildSettings = {
				CODE_SIGN_STYLE = Automatic;
				CURRENT_PROJECT_VERSION = 1;
				GENERATE_INFOPLIST_FILE = YES;
				MARKETING_VERSION = 1.0;
				PRODUCT_BUNDLE_IDENTIFIER = com.gabriel.VidaPlenaQuizUITests;
				PRODUCT_NAME = "$(TARGET_NAME)";
				SWIFT_EMIT_LOC_STRINGS = NO;
				SWIFT_VERSION = 5.0;
				TARGETED_DEVICE_FAMILY = "1,2";
				TEST_TARGET_NAME = VidaPlenaQuiz;
			};
			name = Release;
		};
/* End XCBuildConfiguration section */

/* Begin XCConfigurationList section */
		993302162CE1552E001D972F /* Build configuration list for PBXProject "VidaPlenaQuiz" */ = {
			isa = XCConfigurationList;
			buildConfigurations = (
				993302472CE1552F001D972F /* Debug */,
				993302482CE1552F001D972F /* Release */,
			);
			defaultConfigurationIsVisible = 0;
			defaultConfigurationName = Release;
		};
		993302442CE1552F001D972F /* Build configuration list for PBXNativeTarget "VidaPlenaQuiz" */ = {
			isa = XCConfigurationList;
			buildConfigurations = (
				993302452CE1552F001D972F /* Debug */,
				993302462CE1552F001D972F /* Release */,
			);
			defaultConfigurationIsVisible = 0;
			defaultConfigurationName = Release;
		};
		993302492CE1552F001D972F /* Build configuration list for PBXNativeTarget "VidaPlenaQuizTests" */ = {
			isa = XCConfigurationList;
			buildConfigurations = (
				9933024A2CE1552F001D972F /* Debug */,
				9933024B2CE1552F001D972F /* Release */,
			);
			defaultConfigurationIsVisible = 0;
			defaultConfigurationName = Release;
		};
		9933024C2CE1552F001D972F /* Build configuration list for PBXNativeTarget "VidaPlenaQuizUITests" */ = {
			isa = XCConfigurationList;
			buildConfigurations = (
				9933024D2CE1552F001D972F /* Debug */,
				9933024E2CE1552F001D972F /* Release */,
			);
			defaultConfigurationIsVisible = 0;
			defaultConfigurationName = Release;
		};
/* End XCConfigurationList section */
	};
	rootObject = 993302132CE1552E001D972F /* Project object */;
}
